Microsoft Visual Studio Solution File, Format Version 12.00
# Visual Studio 15
VisualStudioVersion = 15.0.27428.2043
MinimumVisualStudioVersion = 10.0.40219.1
Project("{2150E333-8FDC-42A3-9474-1A3956D46DE8}") = "Solution Items", "Solution Items", "{B6BDA2C8-426C-40F6-9BC7-27700EE9B01F}"
	ProjectSection(SolutionItems) = preProject
		cc1.vsmdi = cc1.vsmdi
		Local.testsettings = Local.testsettings
		CC.Core\packages.config = CC.Core\packages.config
		TraceAndTestImpact.testsettings = TraceAndTestImpact.testsettings
	EndProjectSection
EndProject
Project("{00D1A9C2-B5F0-4AF3-8072-F6C62B433612}") = "cc.db", "cc.db\cc.db.sqlproj", "{67CBC824-A49E-4E9B-A947-360F3DFE65C3}"
EndProject
Project("{FAE04EC0-301F-11D3-BF4B-00C04F79EFBC}") = "CC.Data", "CC.Data\CC.Data.csproj", "{A0579D91-89BE-4472-A909-FB2C5688EB47}"
EndProject
Project("{FAE04EC0-301F-11D3-BF4B-00C04F79EFBC}") = "CC.Web", "CC.Web\CC.Web.csproj", "{5E0E0FDB-F598-400F-A0C6-10842AA44CE9}"
EndProject
Project("{FAE04EC0-301F-11D3-BF4B-00C04F79EFBC}") = "CC.Extensions", "CC.Core\CC.Extensions.csproj", "{E52A11F6-99BC-49B7-8EC8-234CE7F0B197}"
EndProject
Project("{FAE04EC0-301F-11D3-BF4B-00C04F79EFBC}") = "p4b.Web.Export", "p4b.Web.Export\p4b.Web.Export.csproj", "{72861C6E-8B70-4B17-8535-2C3EAB1FDB78}"
EndProject
Global
	GlobalSection(SolutionConfigurationPlatforms) = preSolution
		Debug|Android = Debug|Android
		Debug|Any CPU = Debug|Any CPU
		Debug|iOS = Debug|iOS
		Debug|Mixed Platforms = Debug|Mixed Platforms
		Debug|Windows Phone (Universal) = Debug|Windows Phone (Universal)
		Debug|Windows Phone 8 = Debug|Windows Phone 8
		Debug|Windows-AnyCPU = Debug|Windows-AnyCPU
		Debug|Windows-ARM = Debug|Windows-ARM
		Debug|Windows-x64 = Debug|Windows-x64
		Debug|Windows-x86 = Debug|Windows-x86
		Debug|x86 = Debug|x86
		grantreporting.claimscon.org|Android = grantreporting.claimscon.org|Android
		grantreporting.claimscon.org|Any CPU = grantreporting.claimscon.org|Any CPU
		grantreporting.claimscon.org|iOS = grantreporting.claimscon.org|iOS
		grantreporting.claimscon.org|Mixed Platforms = grantreporting.claimscon.org|Mixed Platforms
		grantreporting.claimscon.org|Windows Phone (Universal) = grantreporting.claimscon.org|Windows Phone (Universal)
		grantreporting.claimscon.org|Windows Phone 8 = grantreporting.claimscon.org|Windows Phone 8
		grantreporting.claimscon.org|Windows-AnyCPU = grantreporting.claimscon.org|Windows-AnyCPU
		grantreporting.claimscon.org|Windows-ARM = grantreporting.claimscon.org|Windows-ARM
		grantreporting.claimscon.org|Windows-x64 = grantreporting.claimscon.org|Windows-x64
		grantreporting.claimscon.org|Windows-x86 = grantreporting.claimscon.org|Windows-x86
		grantreporting.claimscon.org|x86 = grantreporting.claimscon.org|x86
		grdev.claimscon.org|Android = grdev.claimscon.org|Android
		grdev.claimscon.org|Any CPU = grdev.claimscon.org|Any CPU
		grdev.claimscon.org|iOS = grdev.claimscon.org|iOS
		grdev.claimscon.org|Mixed Platforms = grdev.claimscon.org|Mixed Platforms
		grdev.claimscon.org|Windows Phone (Universal) = grdev.claimscon.org|Windows Phone (Universal)
		grdev.claimscon.org|Windows Phone 8 = grdev.claimscon.org|Windows Phone 8
		grdev.claimscon.org|Windows-AnyCPU = grdev.claimscon.org|Windows-AnyCPU
		grdev.claimscon.org|Windows-ARM = grdev.claimscon.org|Windows-ARM
		grdev.claimscon.org|Windows-x64 = grdev.claimscon.org|Windows-x64
		grdev.claimscon.org|Windows-x86 = grdev.claimscon.org|Windows-x86
		grdev.claimscon.org|x86 = grdev.claimscon.org|x86
		Release|Android = Release|Android
		Release|Any CPU = Release|Any CPU
		Release|iOS = Release|iOS
		Release|Mixed Platforms = Release|Mixed Platforms
		Release|Windows Phone (Universal) = Release|Windows Phone (Universal)
		Release|Windows Phone 8 = Release|Windows Phone 8
		Release|Windows-AnyCPU = Release|Windows-AnyCPU
		Release|Windows-ARM = Release|Windows-ARM
		Release|Windows-x64 = Release|Windows-x64
		Release|Windows-x86 = Release|Windows-x86
		Release|x86 = Release|x86
	EndGlobalSection
	GlobalSection(ProjectConfigurationPlatforms) = postSolution
		{67CBC824-A49E-4E9B-A947-360F3DFE65C3}.Debug|Android.ActiveCfg = Debug|Any CPU
		{67CBC824-A49E-4E9B-A947-360F3DFE65C3}.Debug|Any CPU.ActiveCfg = Debug|Any CPU
		{67CBC824-A49E-4E9B-A947-360F3DFE65C3}.Debug|Any CPU.Build.0 = Debug|Any CPU
		{67CBC824-A49E-4E9B-A947-360F3DFE65C3}.Debug|iOS.ActiveCfg = Debug|Any CPU
		{67CBC824-A49E-4E9B-A947-360F3DFE65C3}.Debug|Mixed Platforms.ActiveCfg = Debug|Any CPU
		{67CBC824-A49E-4E9B-A947-360F3DFE65C3}.Debug|Mixed Platforms.Build.0 = Debug|Any CPU
		{67CBC824-A49E-4E9B-A947-360F3DFE65C3}.Debug|Windows Phone (Universal).ActiveCfg = Debug|Any CPU
		{67CBC824-A49E-4E9B-A947-360F3DFE65C3}.Debug|Windows Phone 8.ActiveCfg = Debug|Any CPU
		{67CBC824-A49E-4E9B-A947-360F3DFE65C3}.Debug|Windows-AnyCPU.ActiveCfg = Debug|Any CPU
		{67CBC824-A49E-4E9B-A947-360F3DFE65C3}.Debug|Windows-ARM.ActiveCfg = Debug|Any CPU
		{67CBC824-A49E-4E9B-A947-360F3DFE65C3}.Debug|Windows-x64.ActiveCfg = Debug|Any CPU
		{67CBC824-A49E-4E9B-A947-360F3DFE65C3}.Debug|Windows-x86.ActiveCfg = Debug|Any CPU
		{67CBC824-A49E-4E9B-A947-360F3DFE65C3}.Debug|x86.ActiveCfg = Debug|Any CPU
		{67CBC824-A49E-4E9B-A947-360F3DFE65C3}.grantreporting.claimscon.org|Android.ActiveCfg = Release|Any CPU
		{67CBC824-A49E-4E9B-A947-360F3DFE65C3}.grantreporting.claimscon.org|Any CPU.ActiveCfg = Release|Any CPU
		{67CBC824-A49E-4E9B-A947-360F3DFE65C3}.grantreporting.claimscon.org|Any CPU.Build.0 = Release|Any CPU
		{67CBC824-A49E-4E9B-A947-360F3DFE65C3}.grantreporting.claimscon.org|Any CPU.Deploy.0 = Release|Any CPU
		{67CBC824-A49E-4E9B-A947-360F3DFE65C3}.grantreporting.claimscon.org|iOS.ActiveCfg = Release|Any CPU
		{67CBC824-A49E-4E9B-A947-360F3DFE65C3}.grantreporting.claimscon.org|Mixed Platforms.ActiveCfg = Release|Any CPU
		{67CBC824-A49E-4E9B-A947-360F3DFE65C3}.grantreporting.claimscon.org|Mixed Platforms.Build.0 = Release|Any CPU
		{67CBC824-A49E-4E9B-A947-360F3DFE65C3}.grantreporting.claimscon.org|Mixed Platforms.Deploy.0 = Release|Any CPU
		{67CBC824-A49E-4E9B-A947-360F3DFE65C3}.grantreporting.claimscon.org|Windows Phone (Universal).ActiveCfg = Release|Any CPU
		{67CBC824-A49E-4E9B-A947-360F3DFE65C3}.grantreporting.claimscon.org|Windows Phone 8.ActiveCfg = Release|Any CPU
		{67CBC824-A49E-4E9B-A947-360F3DFE65C3}.grantreporting.claimscon.org|Windows-AnyCPU.ActiveCfg = Release|Any CPU
		{67CBC824-A49E-4E9B-A947-360F3DFE65C3}.grantreporting.claimscon.org|Windows-ARM.ActiveCfg = Release|Any CPU
		{67CBC824-A49E-4E9B-A947-360F3DFE65C3}.grantreporting.claimscon.org|Windows-x64.ActiveCfg = Release|Any CPU
		{67CBC824-A49E-4E9B-A947-360F3DFE65C3}.grantreporting.claimscon.org|Windows-x86.ActiveCfg = Release|Any CPU
		{67CBC824-A49E-4E9B-A947-360F3DFE65C3}.grantreporting.claimscon.org|x86.ActiveCfg = Release|Any CPU
		{67CBC824-A49E-4E9B-A947-360F3DFE65C3}.grdev.claimscon.org|Android.ActiveCfg = Release|Any CPU
		{67CBC824-A49E-4E9B-A947-360F3DFE65C3}.grdev.claimscon.org|Any CPU.ActiveCfg = Release|Any CPU
		{67CBC824-A49E-4E9B-A947-360F3DFE65C3}.grdev.claimscon.org|Any CPU.Build.0 = Release|Any CPU
		{67CBC824-A49E-4E9B-A947-360F3DFE65C3}.grdev.claimscon.org|Any CPU.Deploy.0 = Release|Any CPU
		{67CBC824-A49E-4E9B-A947-360F3DFE65C3}.grdev.claimscon.org|iOS.ActiveCfg = Release|Any CPU
		{67CBC824-A49E-4E9B-A947-360F3DFE65C3}.grdev.claimscon.org|Mixed Platforms.ActiveCfg = Release|Any CPU
		{67CBC824-A49E-4E9B-A947-360F3DFE65C3}.grdev.claimscon.org|Mixed Platforms.Build.0 = Release|Any CPU
		{67CBC824-A49E-4E9B-A947-360F3DFE65C3}.grdev.claimscon.org|Windows Phone (Universal).ActiveCfg = Release|Any CPU
		{67CBC824-A49E-4E9B-A947-360F3DFE65C3}.grdev.claimscon.org|Windows Phone 8.ActiveCfg = Release|Any CPU
		{67CBC824-A49E-4E9B-A947-360F3DFE65C3}.grdev.claimscon.org|Windows-AnyCPU.ActiveCfg = Release|Any CPU
		{67CBC824-A49E-4E9B-A947-360F3DFE65C3}.grdev.claimscon.org|Windows-ARM.ActiveCfg = Release|Any CPU
		{67CBC824-A49E-4E9B-A947-360F3DFE65C3}.grdev.claimscon.org|Windows-x64.ActiveCfg = Release|Any CPU
		{67CBC824-A49E-4E9B-A947-360F3DFE65C3}.grdev.claimscon.org|Windows-x86.ActiveCfg = Release|Any CPU
		{67CBC824-A49E-4E9B-A947-360F3DFE65C3}.grdev.claimscon.org|x86.ActiveCfg = Release|Any CPU
		{67CBC824-A49E-4E9B-A947-360F3DFE65C3}.Release|Android.ActiveCfg = Release|Any CPU
		{67CBC824-A49E-4E9B-A947-360F3DFE65C3}.Release|Any CPU.ActiveCfg = Release|Any CPU
		{67CBC824-A49E-4E9B-A947-360F3DFE65C3}.Release|Any CPU.Build.0 = Release|Any CPU
		{67CBC824-A49E-4E9B-A947-360F3DFE65C3}.Release|Any CPU.Deploy.0 = Release|Any CPU
		{67CBC824-A49E-4E9B-A947-360F3DFE65C3}.Release|iOS.ActiveCfg = Release|Any CPU
		{67CBC824-A49E-4E9B-A947-360F3DFE65C3}.Release|Mixed Platforms.ActiveCfg = Release|Any CPU
		{67CBC824-A49E-4E9B-A947-360F3DFE65C3}.Release|Mixed Platforms.Build.0 = Release|Any CPU
		{67CBC824-A49E-4E9B-A947-360F3DFE65C3}.Release|Windows Phone (Universal).ActiveCfg = Release|Any CPU
		{67CBC824-A49E-4E9B-A947-360F3DFE65C3}.Release|Windows Phone 8.ActiveCfg = Release|Any CPU
		{67CBC824-A49E-4E9B-A947-360F3DFE65C3}.Release|Windows-AnyCPU.ActiveCfg = Release|Any CPU
		{67CBC824-A49E-4E9B-A947-360F3DFE65C3}.Release|Windows-ARM.ActiveCfg = Release|Any CPU
		{67CBC824-A49E-4E9B-A947-360F3DFE65C3}.Release|Windows-x64.ActiveCfg = Release|Any CPU
		{67CBC824-A49E-4E9B-A947-360F3DFE65C3}.Release|Windows-x86.ActiveCfg = Release|Any CPU
		{67CBC824-A49E-4E9B-A947-360F3DFE65C3}.Release|x86.ActiveCfg = Release|Any CPU
		{A0579D91-89BE-4472-A909-FB2C5688EB47}.Debug|Android.ActiveCfg = Debug|Any CPU
		{A0579D91-89BE-4472-A909-FB2C5688EB47}.Debug|Any CPU.ActiveCfg = Debug|Any CPU
		{A0579D91-89BE-4472-A909-FB2C5688EB47}.Debug|Any CPU.Build.0 = Debug|Any CPU
		{A0579D91-89BE-4472-A909-FB2C5688EB47}.Debug|iOS.ActiveCfg = Debug|Any CPU
		{A0579D91-89BE-4472-A909-FB2C5688EB47}.Debug|Mixed Platforms.ActiveCfg = Debug|Any CPU
		{A0579D91-89BE-4472-A909-FB2C5688EB47}.Debug|Mixed Platforms.Build.0 = Debug|Any CPU
		{A0579D91-89BE-4472-A909-FB2C5688EB47}.Debug|Windows Phone (Universal).ActiveCfg = Debug|Any CPU
		{A0579D91-89BE-4472-A909-FB2C5688EB47}.Debug|Windows Phone 8.ActiveCfg = Debug|Any CPU
		{A0579D91-89BE-4472-A909-FB2C5688EB47}.Debug|Windows-AnyCPU.ActiveCfg = Debug|Any CPU
		{A0579D91-89BE-4472-A909-FB2C5688EB47}.Debug|Windows-ARM.ActiveCfg = Debug|Any CPU
		{A0579D91-89BE-4472-A909-FB2C5688EB47}.Debug|Windows-x64.ActiveCfg = Debug|Any CPU
		{A0579D91-89BE-4472-A909-FB2C5688EB47}.Debug|Windows-x86.ActiveCfg = Debug|Any CPU
		{A0579D91-89BE-4472-A909-FB2C5688EB47}.Debug|x86.ActiveCfg = Debug|Any CPU
		{A0579D91-89BE-4472-A909-FB2C5688EB47}.grantreporting.claimscon.org|Android.ActiveCfg = Release|Any CPU
		{A0579D91-89BE-4472-A909-FB2C5688EB47}.grantreporting.claimscon.org|Any CPU.ActiveCfg = Release|Any CPU
		{A0579D91-89BE-4472-A909-FB2C5688EB47}.grantreporting.claimscon.org|Any CPU.Build.0 = Release|Any CPU
		{A0579D91-89BE-4472-A909-FB2C5688EB47}.grantreporting.claimscon.org|iOS.ActiveCfg = Release|Any CPU
		{A0579D91-89BE-4472-A909-FB2C5688EB47}.grantreporting.claimscon.org|Mixed Platforms.ActiveCfg = Release|Any CPU
		{A0579D91-89BE-4472-A909-FB2C5688EB47}.grantreporting.claimscon.org|Mixed Platforms.Build.0 = Release|Any CPU
		{A0579D91-89BE-4472-A909-FB2C5688EB47}.grantreporting.claimscon.org|Windows Phone (Universal).ActiveCfg = Release|Any CPU
		{A0579D91-89BE-4472-A909-FB2C5688EB47}.grantreporting.claimscon.org|Windows Phone 8.ActiveCfg = Release|Any CPU
		{A0579D91-89BE-4472-A909-FB2C5688EB47}.grantreporting.claimscon.org|Windows-AnyCPU.ActiveCfg = Release|Any CPU
		{A0579D91-89BE-4472-A909-FB2C5688EB47}.grantreporting.claimscon.org|Windows-ARM.ActiveCfg = Release|Any CPU
		{A0579D91-89BE-4472-A909-FB2C5688EB47}.grantreporting.claimscon.org|Windows-x64.ActiveCfg = Release|Any CPU
		{A0579D91-89BE-4472-A909-FB2C5688EB47}.grantreporting.claimscon.org|Windows-x86.ActiveCfg = Release|Any CPU
		{A0579D91-89BE-4472-A909-FB2C5688EB47}.grantreporting.claimscon.org|x86.ActiveCfg = Release|Any CPU
		{A0579D91-89BE-4472-A909-FB2C5688EB47}.grdev.claimscon.org|Android.ActiveCfg = Release|Any CPU
		{A0579D91-89BE-4472-A909-FB2C5688EB47}.grdev.claimscon.org|Any CPU.ActiveCfg = Release|Any CPU
		{A0579D91-89BE-4472-A909-FB2C5688EB47}.grdev.claimscon.org|Any CPU.Build.0 = Release|Any CPU
		{A0579D91-89BE-4472-A909-FB2C5688EB47}.grdev.claimscon.org|iOS.ActiveCfg = Release|Any CPU
		{A0579D91-89BE-4472-A909-FB2C5688EB47}.grdev.claimscon.org|Mixed Platforms.ActiveCfg = Release|Any CPU
		{A0579D91-89BE-4472-A909-FB2C5688EB47}.grdev.claimscon.org|Mixed Platforms.Build.0 = Release|Any CPU
		{A0579D91-89BE-4472-A909-FB2C5688EB47}.grdev.claimscon.org|Windows Phone (Universal).ActiveCfg = Release|Any CPU
		{A0579D91-89BE-4472-A909-FB2C5688EB47}.grdev.claimscon.org|Windows Phone 8.ActiveCfg = Release|Any CPU
		{A0579D91-89BE-4472-A909-FB2C5688EB47}.grdev.claimscon.org|Windows-AnyCPU.ActiveCfg = Release|Any CPU
		{A0579D91-89BE-4472-A909-FB2C5688EB47}.grdev.claimscon.org|Windows-ARM.ActiveCfg = Release|Any CPU
		{A0579D91-89BE-4472-A909-FB2C5688EB47}.grdev.claimscon.org|Windows-x64.ActiveCfg = Release|Any CPU
		{A0579D91-89BE-4472-A909-FB2C5688EB47}.grdev.claimscon.org|Windows-x86.ActiveCfg = Release|Any CPU
		{A0579D91-89BE-4472-A909-FB2C5688EB47}.grdev.claimscon.org|x86.ActiveCfg = Release|Any CPU
		{A0579D91-89BE-4472-A909-FB2C5688EB47}.Release|Android.ActiveCfg = Release|Any CPU
		{A0579D91-89BE-4472-A909-FB2C5688EB47}.Release|Any CPU.ActiveCfg = Release|Any CPU
		{A0579D91-89BE-4472-A909-FB2C5688EB47}.Release|Any CPU.Build.0 = Release|Any CPU
		{A0579D91-89BE-4472-A909-FB2C5688EB47}.Release|iOS.ActiveCfg = Release|Any CPU
		{A0579D91-89BE-4472-A909-FB2C5688EB47}.Release|Mixed Platforms.ActiveCfg = Release|Any CPU
		{A0579D91-89BE-4472-A909-FB2C5688EB47}.Release|Mixed Platforms.Build.0 = Release|Any CPU
		{A0579D91-89BE-4472-A909-FB2C5688EB47}.Release|Windows Phone (Universal).ActiveCfg = Release|Any CPU
		{A0579D91-89BE-4472-A909-FB2C5688EB47}.Release|Windows Phone 8.ActiveCfg = Release|Any CPU
		{A0579D91-89BE-4472-A909-FB2C5688EB47}.Release|Windows-AnyCPU.ActiveCfg = Release|Any CPU
		{A0579D91-89BE-4472-A909-FB2C5688EB47}.Release|Windows-ARM.ActiveCfg = Release|Any CPU
		{A0579D91-89BE-4472-A909-FB2C5688EB47}.Release|Windows-x64.ActiveCfg = Release|Any CPU
		{A0579D91-89BE-4472-A909-FB2C5688EB47}.Release|Windows-x86.ActiveCfg = Release|Any CPU
		{A0579D91-89BE-4472-A909-FB2C5688EB47}.Release|x86.ActiveCfg = Release|Any CPU
		{5E0E0FDB-F598-400F-A0C6-10842AA44CE9}.Debug|Android.ActiveCfg = Debug|Any CPU
		{5E0E0FDB-F598-400F-A0C6-10842AA44CE9}.Debug|Any CPU.ActiveCfg = Debug|Any CPU
		{5E0E0FDB-F598-400F-A0C6-10842AA44CE9}.Debug|Any CPU.Build.0 = Debug|Any CPU
		{5E0E0FDB-F598-400F-A0C6-10842AA44CE9}.Debug|iOS.ActiveCfg = Debug|Any CPU
		{5E0E0FDB-F598-400F-A0C6-10842AA44CE9}.Debug|Mixed Platforms.ActiveCfg = Debug|Any CPU
		{5E0E0FDB-F598-400F-A0C6-10842AA44CE9}.Debug|Mixed Platforms.Build.0 = Debug|Any CPU
		{5E0E0FDB-F598-400F-A0C6-10842AA44CE9}.Debug|Windows Phone (Universal).ActiveCfg = Debug|Any CPU
		{5E0E0FDB-F598-400F-A0C6-10842AA44CE9}.Debug|Windows Phone 8.ActiveCfg = Debug|Any CPU
		{5E0E0FDB-F598-400F-A0C6-10842AA44CE9}.Debug|Windows-AnyCPU.ActiveCfg = Debug|Any CPU
		{5E0E0FDB-F598-400F-A0C6-10842AA44CE9}.Debug|Windows-ARM.ActiveCfg = Debug|Any CPU
		{5E0E0FDB-F598-400F-A0C6-10842AA44CE9}.Debug|Windows-x64.ActiveCfg = Debug|Any CPU
		{5E0E0FDB-F598-400F-A0C6-10842AA44CE9}.Debug|Windows-x86.ActiveCfg = Debug|Any CPU
		{5E0E0FDB-F598-400F-A0C6-10842AA44CE9}.Debug|x86.ActiveCfg = Debug|Any CPU
		{5E0E0FDB-F598-400F-A0C6-10842AA44CE9}.grantreporting.claimscon.org|Android.ActiveCfg = grantreporting.claimscon.org|Any CPU
		{5E0E0FDB-F598-400F-A0C6-10842AA44CE9}.grantreporting.claimscon.org|Any CPU.ActiveCfg = grantreporting.claimscon.org|Any CPU
		{5E0E0FDB-F598-400F-A0C6-10842AA44CE9}.grantreporting.claimscon.org|Any CPU.Build.0 = grantreporting.claimscon.org|Any CPU
		{5E0E0FDB-F598-400F-A0C6-10842AA44CE9}.grantreporting.claimscon.org|iOS.ActiveCfg = grantreporting.claimscon.org|Any CPU
		{5E0E0FDB-F598-400F-A0C6-10842AA44CE9}.grantreporting.claimscon.org|Mixed Platforms.ActiveCfg = grantreporting.claimscon.org|Any CPU
		{5E0E0FDB-F598-400F-A0C6-10842AA44CE9}.grantreporting.claimscon.org|Mixed Platforms.Build.0 = grantreporting.claimscon.org|Any CPU
		{5E0E0FDB-F598-400F-A0C6-10842AA44CE9}.grantreporting.claimscon.org|Windows Phone (Universal).ActiveCfg = grantreporting.claimscon.org|Any CPU
		{5E0E0FDB-F598-400F-A0C6-10842AA44CE9}.grantreporting.claimscon.org|Windows Phone 8.ActiveCfg = grantreporting.claimscon.org|Any CPU
		{5E0E0FDB-F598-400F-A0C6-10842AA44CE9}.grantreporting.claimscon.org|Windows-AnyCPU.ActiveCfg = grantreporting.claimscon.org|Any CPU
		{5E0E0FDB-F598-400F-A0C6-10842AA44CE9}.grantreporting.claimscon.org|Windows-ARM.ActiveCfg = grantreporting.claimscon.org|Any CPU
		{5E0E0FDB-F598-400F-A0C6-10842AA44CE9}.grantreporting.claimscon.org|Windows-x64.ActiveCfg = grantreporting.claimscon.org|Any CPU
		{5E0E0FDB-F598-400F-A0C6-10842AA44CE9}.grantreporting.claimscon.org|Windows-x86.ActiveCfg = grantreporting.claimscon.org|Any CPU
		{5E0E0FDB-F598-400F-A0C6-10842AA44CE9}.grantreporting.claimscon.org|x86.ActiveCfg = grantreporting.claimscon.org|Any CPU
		{5E0E0FDB-F598-400F-A0C6-10842AA44CE9}.grdev.claimscon.org|Android.ActiveCfg = grdev.claimscon.org|Any CPU
		{5E0E0FDB-F598-400F-A0C6-10842AA44CE9}.grdev.claimscon.org|Any CPU.ActiveCfg = grdev.claimscon.org|Any CPU
		{5E0E0FDB-F598-400F-A0C6-10842AA44CE9}.grdev.claimscon.org|Any CPU.Build.0 = grdev.claimscon.org|Any CPU
		{5E0E0FDB-F598-400F-A0C6-10842AA44CE9}.grdev.claimscon.org|iOS.ActiveCfg = grdev.claimscon.org|Any CPU
		{5E0E0FDB-F598-400F-A0C6-10842AA44CE9}.grdev.claimscon.org|Mixed Platforms.ActiveCfg = grdev.claimscon.org|Any CPU
		{5E0E0FDB-F598-400F-A0C6-10842AA44CE9}.grdev.claimscon.org|Mixed Platforms.Build.0 = grdev.claimscon.org|Any CPU
		{5E0E0FDB-F598-400F-A0C6-10842AA44CE9}.grdev.claimscon.org|Windows Phone (Universal).ActiveCfg = grdev.claimscon.org|Any CPU
		{5E0E0FDB-F598-400F-A0C6-10842AA44CE9}.grdev.claimscon.org|Windows Phone 8.ActiveCfg = grdev.claimscon.org|Any CPU
		{5E0E0FDB-F598-400F-A0C6-10842AA44CE9}.grdev.claimscon.org|Windows-AnyCPU.ActiveCfg = grdev.claimscon.org|Any CPU
		{5E0E0FDB-F598-400F-A0C6-10842AA44CE9}.grdev.claimscon.org|Windows-ARM.ActiveCfg = grdev.claimscon.org|Any CPU
		{5E0E0FDB-F598-400F-A0C6-10842AA44CE9}.grdev.claimscon.org|Windows-x64.ActiveCfg = grdev.claimscon.org|Any CPU
		{5E0E0FDB-F598-400F-A0C6-10842AA44CE9}.grdev.claimscon.org|Windows-x86.ActiveCfg = grdev.claimscon.org|Any CPU
		{5E0E0FDB-F598-400F-A0C6-10842AA44CE9}.grdev.claimscon.org|x86.ActiveCfg = grdev.claimscon.org|Any CPU
		{5E0E0FDB-F598-400F-A0C6-10842AA44CE9}.Release|Android.ActiveCfg = Release|Any CPU
		{5E0E0FDB-F598-400F-A0C6-10842AA44CE9}.Release|Any CPU.ActiveCfg = Release|Any CPU
		{5E0E0FDB-F598-400F-A0C6-10842AA44CE9}.Release|Any CPU.Build.0 = Release|Any CPU
		{5E0E0FDB-F598-400F-A0C6-10842AA44CE9}.Release|iOS.ActiveCfg = Release|Any CPU
		{5E0E0FDB-F598-400F-A0C6-10842AA44CE9}.Release|Mixed Platforms.ActiveCfg = Release|Any CPU
		{5E0E0FDB-F598-400F-A0C6-10842AA44CE9}.Release|Mixed Platforms.Build.0 = Release|Any CPU
		{5E0E0FDB-F598-400F-A0C6-10842AA44CE9}.Release|Windows Phone (Universal).ActiveCfg = Release|Any CPU
		{5E0E0FDB-F598-400F-A0C6-10842AA44CE9}.Release|Windows Phone 8.ActiveCfg = Release|Any CPU
		{5E0E0FDB-F598-400F-A0C6-10842AA44CE9}.Release|Windows-AnyCPU.ActiveCfg = Release|Any CPU
		{5E0E0FDB-F598-400F-A0C6-10842AA44CE9}.Release|Windows-ARM.ActiveCfg = Release|Any CPU
		{5E0E0FDB-F598-400F-A0C6-10842AA44CE9}.Release|Windows-x64.ActiveCfg = Release|Any CPU
		{5E0E0FDB-F598-400F-A0C6-10842AA44CE9}.Release|Windows-x86.ActiveCfg = Release|Any CPU
		{5E0E0FDB-F598-400F-A0C6-10842AA44CE9}.Release|x86.ActiveCfg = Release|Any CPU
		{E52A11F6-99BC-49B7-8EC8-234CE7F0B197}.Debug|Android.ActiveCfg = Debug|Any CPU
		{E52A11F6-99BC-49B7-8EC8-234CE7F0B197}.Debug|Any CPU.ActiveCfg = Debug|Any CPU
		{E52A11F6-99BC-49B7-8EC8-234CE7F0B197}.Debug|Any CPU.Build.0 = Debug|Any CPU
		{E52A11F6-99BC-49B7-8EC8-234CE7F0B197}.Debug|iOS.ActiveCfg = Debug|Any CPU
		{E52A11F6-99BC-49B7-8EC8-234CE7F0B197}.Debug|Mixed Platforms.ActiveCfg = Debug|Any CPU
		{E52A11F6-99BC-49B7-8EC8-234CE7F0B197}.Debug|Mixed Platforms.Build.0 = Debug|Any CPU
		{E52A11F6-99BC-49B7-8EC8-234CE7F0B197}.Debug|Windows Phone (Universal).ActiveCfg = Debug|Any CPU
		{E52A11F6-99BC-49B7-8EC8-234CE7F0B197}.Debug|Windows Phone 8.ActiveCfg = Debug|Any CPU
		{E52A11F6-99BC-49B7-8EC8-234CE7F0B197}.Debug|Windows-AnyCPU.ActiveCfg = Debug|Any CPU
		{E52A11F6-99BC-49B7-8EC8-234CE7F0B197}.Debug|Windows-ARM.ActiveCfg = Debug|Any CPU
		{E52A11F6-99BC-49B7-8EC8-234CE7F0B197}.Debug|Windows-x64.ActiveCfg = Debug|Any CPU
		{E52A11F6-99BC-49B7-8EC8-234CE7F0B197}.Debug|Windows-x86.ActiveCfg = Debug|Any CPU
		{E52A11F6-99BC-49B7-8EC8-234CE7F0B197}.Debug|x86.ActiveCfg = Debug|Any CPU
		{E52A11F6-99BC-49B7-8EC8-234CE7F0B197}.grantreporting.claimscon.org|Android.ActiveCfg = Release|Any CPU
		{E52A11F6-99BC-49B7-8EC8-234CE7F0B197}.grantreporting.claimscon.org|Any CPU.ActiveCfg = Release|Any CPU
		{E52A11F6-99BC-49B7-8EC8-234CE7F0B197}.grantreporting.claimscon.org|Any CPU.Build.0 = Release|Any CPU
		{E52A11F6-99BC-49B7-8EC8-234CE7F0B197}.grantreporting.claimscon.org|iOS.ActiveCfg = Release|Any CPU
		{E52A11F6-99BC-49B7-8EC8-234CE7F0B197}.grantreporting.claimscon.org|Mixed Platforms.ActiveCfg = Release|Any CPU
		{E52A11F6-99BC-49B7-8EC8-234CE7F0B197}.grantreporting.claimscon.org|Mixed Platforms.Build.0 = Release|Any CPU
		{E52A11F6-99BC-49B7-8EC8-234CE7F0B197}.grantreporting.claimscon.org|Windows Phone (Universal).ActiveCfg = Release|Any CPU
		{E52A11F6-99BC-49B7-8EC8-234CE7F0B197}.grantreporting.claimscon.org|Windows Phone 8.ActiveCfg = Release|Any CPU
		{E52A11F6-99BC-49B7-8EC8-234CE7F0B197}.grantreporting.claimscon.org|Windows-AnyCPU.ActiveCfg = Release|Any CPU
		{E52A11F6-99BC-49B7-8EC8-234CE7F0B197}.grantreporting.claimscon.org|Windows-ARM.ActiveCfg = Release|Any CPU
		{E52A11F6-99BC-49B7-8EC8-234CE7F0B197}.grantreporting.claimscon.org|Windows-x64.ActiveCfg = Release|Any CPU
		{E52A11F6-99BC-49B7-8EC8-234CE7F0B197}.grantreporting.claimscon.org|Windows-x86.ActiveCfg = Release|Any CPU
		{E52A11F6-99BC-49B7-8EC8-234CE7F0B197}.grantreporting.claimscon.org|x86.ActiveCfg = Release|Any CPU
		{E52A11F6-99BC-49B7-8EC8-234CE7F0B197}.grdev.claimscon.org|Android.ActiveCfg = Release|Any CPU
		{E52A11F6-99BC-49B7-8EC8-234CE7F0B197}.grdev.claimscon.org|Any CPU.ActiveCfg = Release|Any CPU
		{E52A11F6-99BC-49B7-8EC8-234CE7F0B197}.grdev.claimscon.org|Any CPU.Build.0 = Release|Any CPU
		{E52A11F6-99BC-49B7-8EC8-234CE7F0B197}.grdev.claimscon.org|iOS.ActiveCfg = Release|Any CPU
		{E52A11F6-99BC-49B7-8EC8-234CE7F0B197}.grdev.claimscon.org|Mixed Platforms.ActiveCfg = Release|Any CPU
		{E52A11F6-99BC-49B7-8EC8-234CE7F0B197}.grdev.claimscon.org|Mixed Platforms.Build.0 = Release|Any CPU
		{E52A11F6-99BC-49B7-8EC8-234CE7F0B197}.grdev.claimscon.org|Windows Phone (Universal).ActiveCfg = Release|Any CPU
		{E52A11F6-99BC-49B7-8EC8-234CE7F0B197}.grdev.claimscon.org|Windows Phone 8.ActiveCfg = Release|Any CPU
		{E52A11F6-99BC-49B7-8EC8-234CE7F0B197}.grdev.claimscon.org|Windows-AnyCPU.ActiveCfg = Release|Any CPU
		{E52A11F6-99BC-49B7-8EC8-234CE7F0B197}.grdev.claimscon.org|Windows-ARM.ActiveCfg = Release|Any CPU
		{E52A11F6-99BC-49B7-8EC8-234CE7F0B197}.grdev.claimscon.org|Windows-x64.ActiveCfg = Release|Any CPU
		{E52A11F6-99BC-49B7-8EC8-234CE7F0B197}.grdev.claimscon.org|Windows-x86.ActiveCfg = Release|Any CPU
		{E52A11F6-99BC-49B7-8EC8-234CE7F0B197}.grdev.claimscon.org|x86.ActiveCfg = Release|Any CPU
		{E52A11F6-99BC-49B7-8EC8-234CE7F0B197}.Release|Android.ActiveCfg = Release|Any CPU
		{E52A11F6-99BC-49B7-8EC8-234CE7F0B197}.Release|Any CPU.ActiveCfg = Release|Any CPU
		{E52A11F6-99BC-49B7-8EC8-234CE7F0B197}.Release|Any CPU.Build.0 = Release|Any CPU
		{E52A11F6-99BC-49B7-8EC8-234CE7F0B197}.Release|iOS.ActiveCfg = Release|Any CPU
		{E52A11F6-99BC-49B7-8EC8-234CE7F0B197}.Release|Mixed Platforms.ActiveCfg = Release|Any CPU
		{E52A11F6-99BC-49B7-8EC8-234CE7F0B197}.Release|Mixed Platforms.Build.0 = Release|Any CPU
		{E52A11F6-99BC-49B7-8EC8-234CE7F0B197}.Release|Windows Phone (Universal).ActiveCfg = Release|Any CPU
		{E52A11F6-99BC-49B7-8EC8-234CE7F0B197}.Release|Windows Phone 8.ActiveCfg = Release|Any CPU
		{E52A11F6-99BC-49B7-8EC8-234CE7F0B197}.Release|Windows-AnyCPU.ActiveCfg = Release|Any CPU
		{E52A11F6-99BC-49B7-8EC8-234CE7F0B197}.Release|Windows-ARM.ActiveCfg = Release|Any CPU
		{E52A11F6-99BC-49B7-8EC8-234CE7F0B197}.Release|Windows-x64.ActiveCfg = Release|Any CPU
		{E52A11F6-99BC-49B7-8EC8-234CE7F0B197}.Release|Windows-x86.ActiveCfg = Release|Any CPU
		{E52A11F6-99BC-49B7-8EC8-234CE7F0B197}.Release|x86.ActiveCfg = Release|Any CPU
		{72861C6E-8B70-4B17-8535-2C3EAB1FDB78}.Debug|Android.ActiveCfg = Debug|Any CPU
		{72861C6E-8B70-4B17-8535-2C3EAB1FDB78}.Debug|Any CPU.ActiveCfg = Debug|Any CPU
		{72861C6E-8B70-4B17-8535-2C3EAB1FDB78}.Debug|Any CPU.Build.0 = Debug|Any CPU
		{72861C6E-8B70-4B17-8535-2C3EAB1FDB78}.Debug|iOS.ActiveCfg = Debug|Any CPU
		{72861C6E-8B70-4B17-8535-2C3EAB1FDB78}.Debug|Mixed Platforms.ActiveCfg = Debug|Any CPU
		{72861C6E-8B70-4B17-8535-2C3EAB1FDB78}.Debug|Mixed Platforms.Build.0 = Debug|Any CPU
		{72861C6E-8B70-4B17-8535-2C3EAB1FDB78}.Debug|Windows Phone (Universal).ActiveCfg = Debug|Any CPU
		{72861C6E-8B70-4B17-8535-2C3EAB1FDB78}.Debug|Windows Phone 8.ActiveCfg = Debug|Any CPU
		{72861C6E-8B70-4B17-8535-2C3EAB1FDB78}.Debug|Windows-AnyCPU.ActiveCfg = Debug|Any CPU
		{72861C6E-8B70-4B17-8535-2C3EAB1FDB78}.Debug|Windows-ARM.ActiveCfg = Debug|Any CPU
		{72861C6E-8B70-4B17-8535-2C3EAB1FDB78}.Debug|Windows-x64.ActiveCfg = Debug|Any CPU
		{72861C6E-8B70-4B17-8535-2C3EAB1FDB78}.Debug|Windows-x86.ActiveCfg = Debug|Any CPU
		{72861C6E-8B70-4B17-8535-2C3EAB1FDB78}.Debug|x86.ActiveCfg = Debug|Any CPU
		{72861C6E-8B70-4B17-8535-2C3EAB1FDB78}.grantreporting.claimscon.org|Android.ActiveCfg = Debug|Any CPU
		{72861C6E-8B70-4B17-8535-2C3EAB1FDB78}.grantreporting.claimscon.org|Any CPU.ActiveCfg = Debug|Any CPU
		{72861C6E-8B70-4B17-8535-2C3EAB1FDB78}.grantreporting.claimscon.org|Any CPU.Build.0 = Debug|Any CPU
		{72861C6E-8B70-4B17-8535-2C3EAB1FDB78}.grantreporting.claimscon.org|iOS.ActiveCfg = Debug|Any CPU
		{72861C6E-8B70-4B17-8535-2C3EAB1FDB78}.grantreporting.claimscon.org|Mixed Platforms.ActiveCfg = Debug|Any CPU
		{72861C6E-8B70-4B17-8535-2C3EAB1FDB78}.grantreporting.claimscon.org|Mixed Platforms.Build.0 = Debug|Any CPU
		{72861C6E-8B70-4B17-8535-2C3EAB1FDB78}.grantreporting.claimscon.org|Windows Phone (Universal).ActiveCfg = Debug|Any CPU
		{72861C6E-8B70-4B17-8535-2C3EAB1FDB78}.grantreporting.claimscon.org|Windows Phone 8.ActiveCfg = Debug|Any CPU
		{72861C6E-8B70-4B17-8535-2C3EAB1FDB78}.grantreporting.claimscon.org|Windows-AnyCPU.ActiveCfg = Debug|Any CPU
		{72861C6E-8B70-4B17-8535-2C3EAB1FDB78}.grantreporting.claimscon.org|Windows-ARM.ActiveCfg = Debug|Any CPU
		{72861C6E-8B70-4B17-8535-2C3EAB1FDB78}.grantreporting.claimscon.org|Windows-x64.ActiveCfg = Debug|Any CPU
		{72861C6E-8B70-4B17-8535-2C3EAB1FDB78}.grantreporting.claimscon.org|Windows-x86.ActiveCfg = Debug|Any CPU
		{72861C6E-8B70-4B17-8535-2C3EAB1FDB78}.grantreporting.claimscon.org|x86.ActiveCfg = Debug|Any CPU
		{72861C6E-8B70-4B17-8535-2C3EAB1FDB78}.grdev.claimscon.org|Android.ActiveCfg = Debug|Any CPU
		{72861C6E-8B70-4B17-8535-2C3EAB1FDB78}.grdev.claimscon.org|Any CPU.ActiveCfg = Debug|Any CPU
		{72861C6E-8B70-4B17-8535-2C3EAB1FDB78}.grdev.claimscon.org|Any CPU.Build.0 = Debug|Any CPU
		{72861C6E-8B70-4B17-8535-2C3EAB1FDB78}.grdev.claimscon.org|iOS.ActiveCfg = Debug|Any CPU
		{72861C6E-8B70-4B17-8535-2C3EAB1FDB78}.grdev.claimscon.org|Mixed Platforms.ActiveCfg = Release|Any CPU
		{72861C6E-8B70-4B17-8535-2C3EAB1FDB78}.grdev.claimscon.org|Mixed Platforms.Build.0 = Release|Any CPU
		{72861C6E-8B70-4B17-8535-2C3EAB1FDB78}.grdev.claimscon.org|Windows Phone (Universal).ActiveCfg = Debug|Any CPU
		{72861C6E-8B70-4B17-8535-2C3EAB1FDB78}.grdev.claimscon.org|Windows Phone 8.ActiveCfg = Debug|Any CPU
		{72861C6E-8B70-4B17-8535-2C3EAB1FDB78}.grdev.claimscon.org|Windows-AnyCPU.ActiveCfg = Debug|Any CPU
		{72861C6E-8B70-4B17-8535-2C3EAB1FDB78}.grdev.claimscon.org|Windows-ARM.ActiveCfg = Debug|Any CPU
		{72861C6E-8B70-4B17-8535-2C3EAB1FDB78}.grdev.claimscon.org|Windows-x64.ActiveCfg = Debug|Any CPU
		{72861C6E-8B70-4B17-8535-2C3EAB1FDB78}.grdev.claimscon.org|Windows-x86.ActiveCfg = Debug|Any CPU
		{72861C6E-8B70-4B17-8535-2C3EAB1FDB78}.grdev.claimscon.org|x86.ActiveCfg = Debug|Any CPU
		{72861C6E-8B70-4B17-8535-2C3EAB1FDB78}.Release|Android.ActiveCfg = Debug|Any CPU
		{72861C6E-8B70-4B17-8535-2C3EAB1FDB78}.Release|Any CPU.ActiveCfg = Debug|Any CPU
		{72861C6E-8B70-4B17-8535-2C3EAB1FDB78}.Release|Any CPU.Build.0 = Debug|Any CPU
		{72861C6E-8B70-4B17-8535-2C3EAB1FDB78}.Release|iOS.ActiveCfg = Debug|Any CPU
		{72861C6E-8B70-4B17-8535-2C3EAB1FDB78}.Release|Mixed Platforms.ActiveCfg = Release|Any CPU
		{72861C6E-8B70-4B17-8535-2C3EAB1FDB78}.Release|Mixed Platforms.Build.0 = Release|Any CPU
		{72861C6E-8B70-4B17-8535-2C3EAB1FDB78}.Release|Windows Phone (Universal).ActiveCfg = Debug|Any CPU
		{72861C6E-8B70-4B17-8535-2C3EAB1FDB78}.Release|Windows Phone 8.ActiveCfg = Debug|Any CPU
		{72861C6E-8B70-4B17-8535-2C3EAB1FDB78}.Release|Windows-AnyCPU.ActiveCfg = Debug|Any CPU
		{72861C6E-8B70-4B17-8535-2C3EAB1FDB78}.Release|Windows-ARM.ActiveCfg = Debug|Any CPU
		{72861C6E-8B70-4B17-8535-2C3EAB1FDB78}.Release|Windows-x64.ActiveCfg = Debug|Any CPU
		{72861C6E-8B70-4B17-8535-2C3EAB1FDB78}.Release|Windows-x86.ActiveCfg = Debug|Any CPU
		{72861C6E-8B70-4B17-8535-2C3EAB1FDB78}.Release|x86.ActiveCfg = Debug|Any CPU
	EndGlobalSection
	GlobalSection(SolutionProperties) = preSolution
		HideSolutionNode = FALSE
	EndGlobalSection
	GlobalSection(ExtensibilityGlobals) = postSolution
		SolutionGuid = {0DE353DD-9D56-4568-BBD1-BE11086CCA46}
	EndGlobalSection
	GlobalSection(TestCaseManagementSettings) = postSolution
		CategoryFile = cc1.vsmdi
	EndGlobalSection
EndGlobal
